
Microsoft Visual Studio Solution File, Format Version 12.00
Project("{FAE04EC0-301F-11D3-BF4B-00C04F79EFBC}") = "Self-Service", "Self-Service\Self-Service.csproj", "{ADC1DA62-EA1B-4090-88A2-AD4FA4837E22}"
EndProject
Global
	GlobalSection(SolutionConfigurationPlatforms) = preSolution
		Debug|Any CPU = Debug|Any CPU
		Release|Any CPU = Release|Any CPU
	EndGlobalSection
	GlobalSection(ProjectConfigurationPlatforms) = postSolution
		{ADC1DA62-EA1B-4090-88A2-AD4FA4837E22}.Debug|Any CPU.ActiveCfg = Debug|Any CPU
		{ADC1DA62-EA1B-4090-88A2-AD4FA4837E22}.Debug|Any CPU.Build.0 = Debug|Any CPU
		{ADC1DA62-EA1B-4090-88A2-AD4FA4837E22}.Release|Any CPU.ActiveCfg = Release|Any CPU
		{ADC1DA62-EA1B-4090-88A2-AD4FA4837E22}.Release|Any CPU.Build.0 = Release|Any CPU
	EndGlobalSection
EndGlobal
